# THIS IS AN AUTOGENERATED FILE. DO NOT EDIT THIS FILE DIRECTLY.
# yarn lockfile v1


JSONStream@^1.0.7:
  version "1.3.5"
  resolved "https://registry.npmmirror.com/JSONStream/download/JSONStream-1.3.5.tgz"
  dependencies:
    jsonparse "^1.2.0"
    through ">=2.2.7 <3"

a-sync-waterfall@^1.0.0:
  version "1.0.1"
  resolved "https://registry.npmmirror.com/a-sync-waterfall/download/a-sync-waterfall-1.0.1.tgz"

abbrev@^1.1.1:
  version "1.1.1"
  resolved "https://registry.npmmirror.com/abbrev/download/abbrev-1.1.1.tgz"

accepts@~1.3.5:
  version "1.3.7"
  resolved "https://registry.npmmirror.com/accepts/download/accepts-1.3.7.tgz"
  dependencies:
    mime-types "~2.1.24"
    negotiator "0.6.2"

amdefine@>=0.0.4:
  version "1.0.1"
  resolved "https://registry.npmmirror.com/amdefine/download/amdefine-1.0.1.tgz"

ansi-regex@^2.0.0:
  version "2.1.1"
  resolved "https://registry.npmmirror.com/ansi-regex/download/ansi-regex-2.1.1.tgz"

ansi-regex@^5.0.1:
  version "5.0.1"
  resolved "https://registry.yarnpkg.com/ansi-regex/-/ansi-regex-5.0.1.tgz#082cb2c89c9fe8659a311a53bd6a4dc5301db304"

ansi-styles@^2.2.1:
  version "2.2.1"
  resolved "https://registry.npmmirror.com/ansi-styles/download/ansi-styles-2.2.1.tgz"

ansi-styles@^4.1.0:
  version "4.3.0"
  resolved "https://registry.npmmirror.com/ansi-styles/download/ansi-styles-4.3.0.tgz"
  dependencies:
    color-convert "^2.0.1"

anymatch@~3.1.2:
  version "3.1.2"
  resolved "https://registry.npmmirror.com/anymatch/download/anymatch-3.1.2.tgz"
  dependencies:
    normalize-path "^3.0.0"
    picomatch "^2.0.4"

archy@^1.0.0:
  version "1.0.0"
  resolved "https://registry.npmmirror.com/archy/download/archy-1.0.0.tgz"

argparse@^1.0.7:
  version "1.0.10"
  resolved "https://registry.npmmirror.com/argparse/download/argparse-1.0.10.tgz"
  dependencies:
    sprintf-js "~1.0.2"

argparse@^2.0.1:
  version "2.0.1"
  resolved "https://registry.yarnpkg.com/argparse/-/argparse-2.0.1.tgz#246f50f3ca78a3240f6c997e8a9bd1eac49e4b38"

asap@^2.0.3:
  version "2.0.6"
  resolved "https://registry.npmmirror.com/asap/download/asap-2.0.6.tgz"

atob@^2.1.2:
  version "2.1.2"
  resolved "https://registry.npmmirror.com/atob/download/atob-2.1.2.tgz"

balanced-match@^1.0.0:
  version "1.0.2"
  resolved "https://registry.npmmirror.com/balanced-match/download/balanced-match-1.0.2.tgz"

basic-auth@~2.0.1:
  version "2.0.1"
  resolved "https://registry.npmmirror.com/basic-auth/download/basic-auth-2.0.1.tgz"
  dependencies:
    safe-buffer "5.1.2"

binary-extensions@^2.0.0:
  version "2.2.0"
  resolved "https://registry.npmmirror.com/binary-extensions/download/binary-extensions-2.2.0.tgz"

bluebird@^3.2.2, bluebird@^3.4.0, bluebird@^3.5.0, bluebird@^3.5.1, bluebird@^3.5.2, bluebird@^3.5.5:
  version "3.7.2"
  resolved "https://registry.npmmirror.com/bluebird/download/bluebird-3.7.2.tgz"

boolbase@~1.0.0:
  version "1.0.0"
  resolved "https://registry.npmmirror.com/boolbase/download/boolbase-1.0.0.tgz"

brace-expansion@^1.1.7:
  version "1.1.11"
  resolved "https://registry.npmmirror.com/brace-expansion/download/brace-expansion-1.1.11.tgz"
  dependencies:
    balanced-match "^1.0.0"
    concat-map "0.0.1"

braces@^3.0.1, braces@~3.0.2:
  version "3.0.2"
  resolved "https://registry.npmmirror.com/braces/download/braces-3.0.2.tgz"
  dependencies:
    fill-range "^7.0.1"

bytes@3.0.0:
  version "3.0.0"
  resolved "https://registry.npmmirror.com/bytes/download/bytes-3.0.0.tgz"

camel-case@^3.0.0:
  version "3.0.0"
  resolved "https://registry.npmmirror.com/camel-case/download/camel-case-3.0.0.tgz"
  dependencies:
    no-case "^2.2.0"
    upper-case "^1.1.1"

camel-case@^4.0.0:
  version "4.1.2"
  resolved "https://registry.npmmirror.com/camel-case/download/camel-case-4.1.2.tgz"
  dependencies:
    pascal-case "^3.1.2"
    tslib "^2.0.3"

chalk@^1.1.3:
  version "1.1.3"
  resolved "https://registry.npmmirror.com/chalk/download/chalk-1.1.3.tgz"
  dependencies:
    ansi-styles "^2.2.1"
    escape-string-regexp "^1.0.2"
    has-ansi "^2.0.0"
    strip-ansi "^3.0.0"
    supports-color "^2.0.0"

chalk@^4.0.0:
  version "4.1.2"
  resolved "https://registry.npmmirror.com/chalk/download/chalk-4.1.2.tgz"
  dependencies:
    ansi-styles "^4.1.0"
    supports-color "^7.1.0"

cheerio@^0.19.0:
  version "0.19.0"
  resolved "https://registry.npmmirror.com/cheerio/download/cheerio-0.19.0.tgz"
  dependencies:
    css-select "~1.0.0"
    dom-serializer "~0.1.0"
    entities "~1.1.1"
    htmlparser2 "~3.8.1"
    lodash "^3.2.0"

chokidar@^3.0.0:
  version "3.5.2"
  resolved "https://registry.npmmirror.com/chokidar/download/chokidar-3.5.2.tgz"
  dependencies:
    anymatch "~3.1.2"
    braces "~3.0.2"
    glob-parent "~5.1.2"
    is-binary-path "~2.1.0"
    is-glob "~4.0.1"
    normalize-path "~3.0.0"
    readdirp "~3.6.0"
  optionalDependencies:
    fsevents "~2.3.2"

color-convert@^2.0.1:
  version "2.0.1"
  resolved "https://registry.npmmirror.com/color-convert/download/color-convert-2.0.1.tgz"
  dependencies:
    color-name "~1.1.4"

color-name@~1.1.4:
  version "1.1.4"
  resolved "https://registry.npmmirror.com/color-name/download/color-name-1.1.4.tgz"

command-exists@^1.2.8:
  version "1.2.9"
  resolved "https://registry.npmmirror.com/command-exists/download/command-exists-1.2.9.tgz"

commander@^5.1.0:
  version "5.1.0"
  resolved "https://registry.npmmirror.com/commander/download/commander-5.1.0.tgz"

compressible@~2.0.16:
  version "2.0.18"
  resolved "https://registry.npmmirror.com/compressible/download/compressible-2.0.18.tgz"
  dependencies:
    mime-db ">= 1.43.0 < 2"

compression@^1.7.3:
  version "1.7.4"
  resolved "https://registry.npmmirror.com/compression/download/compression-1.7.4.tgz"
  dependencies:
    accepts "~1.3.5"
    bytes "3.0.0"
    compressible "~2.0.16"
    debug "2.6.9"
    on-headers "~1.0.2"
    safe-buffer "5.1.2"
    vary "~1.1.2"

concat-map@0.0.1:
  version "0.0.1"
  resolved "https://registry.npmmirror.com/concat-map/download/concat-map-0.0.1.tgz"

connect@^3.6.6:
  version "3.7.0"
  resolved "https://registry.npmmirror.com/connect/download/connect-3.7.0.tgz"
  dependencies:
    debug "2.6.9"
    finalhandler "1.1.2"
    parseurl "~1.3.3"
    utils-merge "1.0.1"

core-util-is@~1.0.0:
  version "1.0.3"
  resolved "https://registry.npmmirror.com/core-util-is/download/core-util-is-1.0.3.tgz"

cross-spawn@^4.0.0:
  version "4.0.2"
  resolved "https://registry.npmmirror.com/cross-spawn/download/cross-spawn-4.0.2.tgz"
  dependencies:
    lru-cache "^4.0.1"
    which "^1.2.9"

cross-spawn@^7.0.0:
  version "7.0.3"
  resolved "https://registry.npmmirror.com/cross-spawn/download/cross-spawn-7.0.3.tgz"
  dependencies:
    path-key "^3.1.0"
    shebang-command "^2.0.0"
    which "^2.0.1"

css-parse@1.7.x:
  version "1.7.0"
  resolved "https://registry.npmmirror.com/css-parse/download/css-parse-1.7.0.tgz"

css-parse@~2.0.0:
  version "2.0.0"
  resolved "https://registry.npmmirror.com/css-parse/download/css-parse-2.0.0.tgz"
  dependencies:
    css "^2.0.0"

css-select@~1.0.0:
  version "1.0.0"
  resolved "https://registry.npmmirror.com/css-select/download/css-select-1.0.0.tgz"
  dependencies:
    boolbase "~1.0.0"
    css-what "1.0"
    domutils "1.4"
    nth-check "~1.0.0"

css-what@1.0:
  version "1.0.0"
  resolved "https://registry.npmmirror.com/css-what/download/css-what-1.0.0.tgz"

css@^2.0.0:
  version "2.2.4"
  resolved "https://registry.npmmirror.com/css/download/css-2.2.4.tgz"
  dependencies:
    inherits "^2.0.3"
    source-map "^0.6.1"
    source-map-resolve "^0.5.2"
    urix "^0.1.0"

cuid@^2.1.4:
  version "2.1.8"
  resolved "https://registry.yarnpkg.com/cuid/-/cuid-2.1.8.tgz#cbb88f954171e0d5747606c0139fb65c5101eac0"

debug@*, debug@2.6.9:
  version "2.6.9"
  resolved "https://registry.npmmirror.com/debug/download/debug-2.6.9.tgz"
  dependencies:
    ms "2.0.0"

debug@~3.1.0:
  version "3.1.0"
  resolved "https://registry.npmmirror.com/debug/download/debug-3.1.0.tgz"
  dependencies:
    ms "2.0.0"

decode-uri-component@^0.2.0:
  version "0.2.0"
  resolved "https://registry.npmmirror.com/decode-uri-component/download/decode-uri-component-0.2.0.tgz"

deepmerge@^4.2.2:
  version "4.2.2"
  resolved "https://registry.npmmirror.com/deepmerge/download/deepmerge-4.2.2.tgz"

depd@~1.1.2:
  version "1.1.2"
  resolved "https://registry.npmmirror.com/depd/download/depd-1.1.2.tgz"

depd@~2.0.0:
  version "2.0.0"
  resolved "https://registry.npmmirror.com/depd/download/depd-2.0.0.tgz"

destroy@~1.0.4:
  version "1.0.4"
  resolved "https://registry.npmmirror.com/destroy/download/destroy-1.0.4.tgz"

dom-serializer@0, dom-serializer@~0.1.0:
  version "0.1.1"
  resolved "https://registry.npmmirror.com/dom-serializer/download/dom-serializer-0.1.1.tgz"
  dependencies:
    domelementtype "^1.3.0"
    entities "^1.1.1"

dom-serializer@^1.0.1:
  version "1.3.2"
  resolved "https://registry.npmmirror.com/dom-serializer/download/dom-serializer-1.3.2.tgz"
  dependencies:
    domelementtype "^2.0.1"
    domhandler "^4.2.0"
    entities "^2.0.0"

domelementtype@1, domelementtype@^1.3.0:
  version "1.3.1"
  resolved "https://registry.npmmirror.com/domelementtype/download/domelementtype-1.3.1.tgz"

domelementtype@^2.0.1, domelementtype@^2.2.0:
  version "2.2.0"
  resolved "https://registry.npmmirror.com/domelementtype/download/domelementtype-2.2.0.tgz"

domhandler@2.3:
  version "2.3.0"
  resolved "https://registry.npmmirror.com/domhandler/download/domhandler-2.3.0.tgz"
  dependencies:
    domelementtype "1"

domhandler@^4.0.0, domhandler@^4.2.0:
  version "4.3.0"
  resolved "https://registry.npmmirror.com/domhandler/download/domhandler-4.3.0.tgz"
  dependencies:
    domelementtype "^2.2.0"

domutils@1.4:
  version "1.4.3"
  resolved "https://registry.npmmirror.com/domutils/download/domutils-1.4.3.tgz"
  dependencies:
    domelementtype "1"

domutils@1.5:
  version "1.5.1"
  resolved "https://registry.npmmirror.com/domutils/download/domutils-1.5.1.tgz"
  dependencies:
    dom-serializer "0"
    domelementtype "1"

domutils@^2.5.2:
  version "2.8.0"
  resolved "https://registry.npmmirror.com/domutils/download/domutils-2.8.0.tgz"
  dependencies:
    dom-serializer "^1.0.1"
    domelementtype "^2.2.0"
    domhandler "^4.2.0"

ee-first@1.1.1:
  version "1.1.1"
  resolved "https://registry.npmmirror.com/ee-first/download/ee-first-1.1.1.tgz"

ejs@^2.3.4:
  version "2.7.4"
  resolved "https://registry.npmmirror.com/ejs/download/ejs-2.7.4.tgz"

encodeurl@~1.0.2:
  version "1.0.2"
  resolved "https://registry.npmmirror.com/encodeurl/download/encodeurl-1.0.2.tgz"

entities@1.0:
  version "1.0.0"
  resolved "https://registry.npmmirror.com/entities/download/entities-1.0.0.tgz"

entities@^1.1.1, entities@~1.1.1:
  version "1.1.2"
  resolved "https://registry.npmmirror.com/entities/download/entities-1.1.2.tgz"

entities@^2.0.0:
  version "2.2.0"
  resolved "https://registry.npmmirror.com/entities/download/entities-2.2.0.tgz"

escape-html@~1.0.3:
  version "1.0.3"
  resolved "https://registry.npmmirror.com/escape-html/download/escape-html-1.0.3.tgz"

escape-string-regexp@^1.0.2:
  version "1.0.5"
  resolved "https://registry.npmmirror.com/escape-string-regexp/download/escape-string-regexp-1.0.5.tgz?cache=0&sync_timestamp=1632405132730&other_urls=https%3A%2F%2Fregistry.npmmirror.com%2Fescape-string-regexp%2Fdownload%2Fescape-string-regexp-1.0.5.tgz"

esprima@^4.0.0:
  version "4.0.1"
  resolved "https://registry.npmmirror.com/esprima/download/esprima-4.0.1.tgz"

etag@~1.8.1:
  version "1.8.1"
  resolved "https://registry.npmmirror.com/etag/download/etag-1.8.1.tgz"

fast-equals@^2.0.1:
  version "2.0.4"
  resolved "https://registry.yarnpkg.com/fast-equals/-/fast-equals-2.0.4.tgz#3add9410585e2d7364c2deeb6a707beadb24b927"

fill-range@^7.0.1:
  version "7.0.1"
  resolved "https://registry.npmmirror.com/fill-range/download/fill-range-7.0.1.tgz"
  dependencies:
    to-regex-range "^5.0.1"

finalhandler@1.1.2:
  version "1.1.2"
  resolved "https://registry.npmmirror.com/finalhandler/download/finalhandler-1.1.2.tgz"
  dependencies:
    debug "2.6.9"
    encodeurl "~1.0.2"
    escape-html "~1.0.3"
    on-finished "~2.3.0"
    parseurl "~1.3.3"
    statuses "~1.5.0"
    unpipe "~1.0.0"

fresh@0.5.2:
  version "0.5.2"
  resolved "https://registry.npmmirror.com/fresh/download/fresh-0.5.2.tgz"

fs.realpath@^1.0.0:
  version "1.0.0"
  resolved "https://registry.npmmirror.com/fs.realpath/download/fs.realpath-1.0.0.tgz"

fsevents@~2.3.2:
  version "2.3.2"
  resolved "https://registry.yarnpkg.com/fsevents/-/fsevents-2.3.2.tgz#8a526f78b8fdf4623b709e0b975c52c24c02fd1a"

function-bind@^1.1.1:
  version "1.1.1"
  resolved "https://registry.npmmirror.com/function-bind/download/function-bind-1.1.1.tgz"

glob-parent@~5.1.2:
  version "5.1.2"
  resolved "https://registry.npmmirror.com/glob-parent/download/glob-parent-5.1.2.tgz?cache=0&sync_timestamp=1632956864970&other_urls=https%3A%2F%2Fregistry.npmmirror.com%2Fglob-parent%2Fdownload%2Fglob-parent-5.1.2.tgz"
  dependencies:
    is-glob "^4.0.1"

glob@7.0.x:
  version "7.0.6"
  resolved "https://registry.npmmirror.com/glob/download/glob-7.0.6.tgz"
  dependencies:
    fs.realpath "^1.0.0"
    inflight "^1.0.4"
    inherits "2"
    minimatch "^3.0.2"
    once "^1.3.0"
    path-is-absolute "^1.0.0"

glob@^7.1.6:
  version "7.2.0"
  resolved "https://registry.npmmirror.com/glob/download/glob-7.2.0.tgz"
  dependencies:
    fs.realpath "^1.0.0"
    inflight "^1.0.4"
    inherits "2"
    minimatch "^3.0.4"
    once "^1.3.0"
    path-is-absolute "^1.0.0"

graceful-fs@^4.1.11, graceful-fs@^4.1.3:
  version "4.2.9"
  resolved "https://registry.npmmirror.com/graceful-fs/download/graceful-fs-4.2.9.tgz"

has-ansi@^2.0.0:
  version "2.0.0"
  resolved "https://registry.npmmirror.com/has-ansi/download/has-ansi-2.0.0.tgz"
  dependencies:
    ansi-regex "^2.0.0"

has-flag@^4.0.0:
  version "4.0.0"
  resolved "https://registry.npmmirror.com/has-flag/download/has-flag-4.0.0.tgz"

has@^1.0.3:
  version "1.0.3"
  resolved "https://registry.npmmirror.com/has/download/has-1.0.3.tgz"
  dependencies:
    function-bind "^1.1.1"

hexo-cli@^4.0.0:
  version "4.3.0"
  resolved "https://registry.yarnpkg.com/hexo-cli/-/hexo-cli-4.3.0.tgz#4bb2bf11a30fae601f2f53ac0cb833fee3187649"
  dependencies:
    abbrev "^1.1.1"
    bluebird "^3.5.5"
    chalk "^4.0.0"
    command-exists "^1.2.8"
    hexo-fs "^3.0.1"
    hexo-log "^2.0.0"
    hexo-util "^2.0.0"
    minimist "^1.2.5"
    resolve "^1.11.0"
    tildify "^2.0.0"

hexo-deployer-git@^3.0.0:
  version "3.0.0"
  resolved "https://registry.npmmirror.com/hexo-deployer-git/download/hexo-deployer-git-3.0.0.tgz"
  dependencies:
    bluebird "^3.5.0"
    chalk "^4.0.0"
    hexo-fs "^3.0.1"
    hexo-util "^2.1.0"
    moment "^2.18.0"
    nunjucks "^3.2.1"

hexo-filter-image@^1.2.0:
  version "1.2.3"
  resolved "https://registry.npmmirror.com/hexo-filter-image/download/hexo-filter-image-1.2.3.tgz"
  dependencies:
    cheerio "^0.19.0"
    lodash "^4.17.11"

hexo-front-matter@^2.0.0:
  version "2.0.0"
  resolved "https://registry.yarnpkg.com/hexo-front-matter/-/hexo-front-matter-2.0.0.tgz#03f39a9eedb16c5448dbb3bec7dff2c4e224006c"
  dependencies:
    js-yaml "^3.13.1"

hexo-fs@^3.0.1, hexo-fs@^3.1.0:
  version "3.1.0"
  resolved "https://registry.npmmirror.com/hexo-fs/download/hexo-fs-3.1.0.tgz"
  dependencies:
    bluebird "^3.5.1"
    chokidar "^3.0.0"
    graceful-fs "^4.1.11"
    hexo-util "^2.0.0"

hexo-generator-archive@^0.1.5:
  version "0.1.5"
  resolved "https://registry.npmmirror.com/hexo-generator-archive/download/hexo-generator-archive-0.1.5.tgz"
  dependencies:
    hexo-pagination "0.0.2"
    object-assign "^2.0.0"

hexo-generator-category@^0.1.3:
  version "0.1.3"
  resolved "https://registry.npmmirror.com/hexo-generator-category/download/hexo-generator-category-0.1.3.tgz"
  dependencies:
    hexo-pagination "0.0.2"
    object-assign "^2.0.0"

hexo-generator-index@^0.2.1:
  version "0.2.1"
  resolved "https://registry.npmmirror.com/hexo-generator-index/download/hexo-generator-index-0.2.1.tgz"
  dependencies:
    hexo-pagination "0.0.2"
    object-assign "^4.0.1"

hexo-generator-json-content@^4.1.6:
  version "4.2.3"
  resolved "https://registry.npmmirror.com/hexo-generator-json-content/download/hexo-generator-json-content-4.2.3.tgz"
  dependencies:
    hexo-util latest
    keyword-extractor latest
    moment latest

hexo-generator-tag@^0.2.0:
  version "0.2.0"
  resolved "https://registry.npmmirror.com/hexo-generator-tag/download/hexo-generator-tag-0.2.0.tgz"
  dependencies:
    hexo-pagination "0.0.2"
    object-assign "^4.0.1"

hexo-i18n@^1.0.0:
  version "1.0.0"
  resolved "https://registry.yarnpkg.com/hexo-i18n/-/hexo-i18n-1.0.0.tgz#7983fb3a313e90615b84dd8fa946a71c489ef5bd"
  dependencies:
    sprintf-js "^1.0.3"

hexo-log@^2.0.0:
  version "2.0.0"
  resolved "https://registry.yarnpkg.com/hexo-log/-/hexo-log-2.0.0.tgz#1dcc8e960029b08b21994fe2c56c4e3d6346e893"
  dependencies:
    chalk "^4.0.0"

hexo-log@^3.0.0:
  version "3.0.0"
  resolved "https://registry.yarnpkg.com/hexo-log/-/hexo-log-3.0.0.tgz#bbdb75eabef3bf7aee83400a3969db06d5539b61"
  dependencies:
    nanocolors "^0.2.12"

hexo-pagination@0.0.2:
  version "0.0.2"
  resolved "https://registry.npmmirror.com/hexo-pagination/download/hexo-pagination-0.0.2.tgz"
  dependencies:
    utils-merge "^1.0.0"

hexo-renderer-ejs@^0.3.1:
  version "0.3.1"
  resolved "https://registry.npmmirror.com/hexo-renderer-ejs/download/hexo-renderer-ejs-0.3.1.tgz"
  dependencies:
    ejs "^2.3.4"
    object-assign "^4.0.1"

hexo-renderer-marked@^1.0.1:
  version "1.0.1"
  resolved "https://registry.npmmirror.com/hexo-renderer-marked/download/hexo-renderer-marked-1.0.1.tgz"
  dependencies:
    hexo-util "^0.6.2"
    marked "^0.6.1"
    strip-indent "^2.0.0"

hexo-renderer-stylus@^0.3.3:
  version "0.3.3"
  resolved "https://registry.npmmirror.com/hexo-renderer-stylus/download/hexo-renderer-stylus-0.3.3.tgz"
  dependencies:
    nib "^1.1.2"
    stylus "^0.54.5"

hexo-server@^0.3.3:
  version "0.3.3"
  resolved "https://registry.npmmirror.com/hexo-server/download/hexo-server-0.3.3.tgz"
  dependencies:
    bluebird "^3.5.1"
    chalk "^1.1.3"
    compression "^1.7.3"
    connect "^3.6.6"
    mime "^1.6.0"
    morgan "^1.9.0"
    object-assign "^4.1.1"
    opn "^5.3.0"
    serve-static "^1.13.2"

hexo-util@^0.6.2, hexo-util@latest:
  version "0.6.3"
  resolved "https://registry.npmmirror.com/hexo-util/download/hexo-util-0.6.3.tgz"
  dependencies:
    bluebird "^3.4.0"
    camel-case "^3.0.0"
    cross-spawn "^4.0.0"
    highlight.js "^9.4.0"
    html-entities "^1.2.0"
    striptags "^2.1.1"

hexo-util@^2.0.0, hexo-util@^2.1.0, hexo-util@^2.4.0:
  version "2.5.0"
  resolved "https://registry.npmmirror.com/hexo-util/download/hexo-util-2.5.0.tgz"
  dependencies:
    bluebird "^3.5.2"
    camel-case "^4.0.0"
    cross-spawn "^7.0.0"
    deepmerge "^4.2.2"
    highlight.js "^10.7.1"
    htmlparser2 "^6.0.0"
    prismjs "^1.17.1"
    strip-indent "^3.0.0"

hexo@^6.0.0:
  version "6.0.0"
  resolved "https://registry.yarnpkg.com/hexo/-/hexo-6.0.0.tgz#1f2d3971069a32e97ca2e89d96d96a375fba5cea"
  dependencies:
    abbrev "^1.1.1"
    archy "^1.0.0"
    bluebird "^3.5.2"
    hexo-cli "^4.0.0"
    hexo-front-matter "^2.0.0"
    hexo-fs "^3.1.0"
    hexo-i18n "^1.0.0"
    hexo-log "^3.0.0"
    hexo-util "^2.4.0"
    js-yaml "^4.0.0"
    micromatch "^4.0.2"
    moize "^6.1.0"
    moment "^2.22.2"
    moment-timezone "^0.5.21"
    nunjucks "^3.2.1"
    picocolors "^1.0.0"
    pretty-hrtime "^1.0.3"
    resolve "^1.8.1"
    strip-ansi "^6.0.0"
    text-table "^0.2.0"
    tildify "^2.0.0"
    titlecase "^1.1.2"
    warehouse "^4.0.0"

highlight.js@^10.7.1:
  version "10.7.3"
  resolved "https://registry.npmmirror.com/highlight.js/download/highlight.js-10.7.3.tgz"

highlight.js@^9.4.0:
  version "9.18.5"
  resolved "https://registry.npmmirror.com/highlight.js/download/highlight.js-9.18.5.tgz"

html-entities@^1.2.0:
  version "1.4.0"
  resolved "https://registry.npmmirror.com/html-entities/download/html-entities-1.4.0.tgz"

htmlparser2@^6.0.0:
  version "6.1.0"
  resolved "https://registry.npmmirror.com/htmlparser2/download/htmlparser2-6.1.0.tgz?cache=0&sync_timestamp=1636640853072&other_urls=https%3A%2F%2Fregistry.npmmirror.com%2Fhtmlparser2%2Fdownload%2Fhtmlparser2-6.1.0.tgz"
  dependencies:
    domelementtype "^2.0.1"
    domhandler "^4.0.0"
    domutils "^2.5.2"
    entities "^2.0.0"

htmlparser2@~3.8.1:
  version "3.8.3"
  resolved "https://registry.npmmirror.com/htmlparser2/download/htmlparser2-3.8.3.tgz?cache=0&sync_timestamp=1636640853072&other_urls=https%3A%2F%2Fregistry.npmmirror.com%2Fhtmlparser2%2Fdownload%2Fhtmlparser2-3.8.3.tgz"
  dependencies:
    domelementtype "1"
    domhandler "2.3"
    domutils "1.5"
    entities "1.0"
    readable-stream "1.1"

http-errors@1.8.1:
  version "1.8.1"
  resolved "https://registry.npmmirror.com/http-errors/download/http-errors-1.8.1.tgz"
  dependencies:
    depd "~1.1.2"
    inherits "2.0.4"
    setprototypeof "1.2.0"
    statuses ">= 1.5.0 < 2"
    toidentifier "1.0.1"

inflight@^1.0.4:
  version "1.0.6"
  resolved "https://registry.npmmirror.com/inflight/download/inflight-1.0.6.tgz"
  dependencies:
    once "^1.3.0"
    wrappy "1"

inherits@2, inherits@2.0.4, inherits@^2.0.3, inherits@~2.0.1:
  version "2.0.4"
  resolved "https://registry.npmmirror.com/inherits/download/inherits-2.0.4.tgz"

is-binary-path@~2.1.0:
  version "2.1.0"
  resolved "https://registry.npmmirror.com/is-binary-path/download/is-binary-path-2.1.0.tgz"
  dependencies:
    binary-extensions "^2.0.0"

is-core-module@^2.8.0:
  version "2.8.0"
  resolved "https://registry.npmmirror.com/is-core-module/download/is-core-module-2.8.0.tgz"
  dependencies:
    has "^1.0.3"

is-extglob@^2.1.1:
  version "2.1.1"
  resolved "https://registry.npmmirror.com/is-extglob/download/is-extglob-2.1.1.tgz"

is-glob@^4.0.1, is-glob@~4.0.1:
  version "4.0.3"
  resolved "https://registry.npmmirror.com/is-glob/download/is-glob-4.0.3.tgz?cache=0&sync_timestamp=1632934573225&other_urls=https%3A%2F%2Fregistry.npmmirror.com%2Fis-glob%2Fdownload%2Fis-glob-4.0.3.tgz"
  dependencies:
    is-extglob "^2.1.1"

is-number@^7.0.0:
  version "7.0.0"
  resolved "https://registry.npmmirror.com/is-number/download/is-number-7.0.0.tgz"

is-plain-object@^3.0.0:
  version "3.0.1"
  resolved "https://registry.yarnpkg.com/is-plain-object/-/is-plain-object-3.0.1.tgz#662d92d24c0aa4302407b0d45d21f2251c85f85b"

is-wsl@^1.1.0:
  version "1.1.0"
  resolved "https://registry.npmmirror.com/is-wsl/download/is-wsl-1.1.0.tgz?cache=0&sync_timestamp=1632753711303&other_urls=https%3A%2F%2Fregistry.npmmirror.com%2Fis-wsl%2Fdownload%2Fis-wsl-1.1.0.tgz"

isarray@0.0.1:
  version "0.0.1"
  resolved "https://registry.npmmirror.com/isarray/download/isarray-0.0.1.tgz"

isexe@^2.0.0:
  version "2.0.0"
  resolved "https://registry.npmmirror.com/isexe/download/isexe-2.0.0.tgz"

js-yaml@^3.13.1:
  version "3.14.1"
  resolved "https://registry.yarnpkg.com/js-yaml/-/js-yaml-3.14.1.tgz#dae812fdb3825fa306609a8717383c50c36a0537"
  dependencies:
    argparse "^1.0.7"
    esprima "^4.0.0"

js-yaml@^4.0.0:
  version "4.1.0"
  resolved "https://registry.yarnpkg.com/js-yaml/-/js-yaml-4.1.0.tgz#c1fb65f8f5017901cdd2c951864ba18458a10602"
  dependencies:
    argparse "^2.0.1"

jsonparse@^1.2.0:
  version "1.3.1"
  resolved "https://registry.npmmirror.com/jsonparse/download/jsonparse-1.3.1.tgz"

keyword-extractor@latest:
  version "0.0.20"
  resolved "https://registry.npmmirror.com/keyword-extractor/download/keyword-extractor-0.0.20.tgz"

lodash@^3.2.0:
  version "3.10.1"
  resolved "https://registry.npmmirror.com/lodash/download/lodash-3.10.1.tgz"

lodash@^4.17.11:
  version "4.17.21"
  resolved "https://registry.npmmirror.com/lodash/download/lodash-4.17.21.tgz"

lower-case@^1.1.1:
  version "1.1.4"
  resolved "https://registry.npmmirror.com/lower-case/download/lower-case-1.1.4.tgz"

lower-case@^2.0.2:
  version "2.0.2"
  resolved "https://registry.npmmirror.com/lower-case/download/lower-case-2.0.2.tgz"
  dependencies:
    tslib "^2.0.3"

lru-cache@^4.0.1:
  version "4.1.5"
  resolved "https://registry.npmmirror.com/lru-cache/download/lru-cache-4.1.5.tgz"
  dependencies:
    pseudomap "^1.0.2"
    yallist "^2.1.2"

marked@^0.6.1:
  version "0.6.3"
  resolved "https://registry.npmmirror.com/marked/download/marked-0.6.3.tgz"

micro-memoize@^4.0.9:
  version "4.0.9"
  resolved "https://registry.yarnpkg.com/micro-memoize/-/micro-memoize-4.0.9.tgz#b44a38c9dffbee1cefc2fd139bc8947952268b62"

micromatch@^4.0.2:
  version "4.0.4"
  resolved "https://registry.yarnpkg.com/micromatch/-/micromatch-4.0.4.tgz#896d519dfe9db25fce94ceb7a500919bf881ebf9"
  dependencies:
    braces "^3.0.1"
    picomatch "^2.2.3"

mime-db@1.51.0, "mime-db@>= 1.43.0 < 2":
  version "1.51.0"
  resolved "https://registry.npmmirror.com/mime-db/download/mime-db-1.51.0.tgz?cache=0&sync_timestamp=1636426029118&other_urls=https%3A%2F%2Fregistry.npmmirror.com%2Fmime-db%2Fdownload%2Fmime-db-1.51.0.tgz"

mime-types@~2.1.24:
  version "2.1.34"
  resolved "https://registry.npmmirror.com/mime-types/download/mime-types-2.1.34.tgz?cache=0&sync_timestamp=1636432330827&other_urls=https%3A%2F%2Fregistry.npmmirror.com%2Fmime-types%2Fdownload%2Fmime-types-2.1.34.tgz"
  dependencies:
    mime-db "1.51.0"

mime@1.6.0, mime@^1.6.0:
  version "1.6.0"
  resolved "https://registry.npmmirror.com/mime/download/mime-1.6.0.tgz"

min-indent@^1.0.0:
  version "1.0.1"
  resolved "https://registry.npmmirror.com/min-indent/download/min-indent-1.0.1.tgz"

minimatch@^3.0.2, minimatch@^3.0.4:
  version "3.0.4"
  resolved "https://registry.npmmirror.com/minimatch/download/minimatch-3.0.4.tgz"
  dependencies:
    brace-expansion "^1.1.7"

minimist@^1.2.5:
  version "1.2.5"
  resolved "https://registry.npmmirror.com/minimist/download/minimist-1.2.5.tgz"

mkdirp@0.5.x:
  version "0.5.5"
  resolved "https://registry.npmmirror.com/mkdirp/download/mkdirp-0.5.5.tgz"
  dependencies:
    minimist "^1.2.5"

mkdirp@~1.0.4:
  version "1.0.4"
  resolved "https://registry.npmmirror.com/mkdirp/download/mkdirp-1.0.4.tgz"

moize@^6.1.0:
  version "6.1.0"
  resolved "https://registry.yarnpkg.com/moize/-/moize-6.1.0.tgz#736e505d30d0ff7751005ed2c66c74cf52941b87"
  dependencies:
    fast-equals "^2.0.1"
    micro-memoize "^4.0.9"

moment-timezone@^0.5.21:
  version "0.5.34"
  resolved "https://registry.npmmirror.com/moment-timezone/download/moment-timezone-0.5.34.tgz"
  dependencies:
    moment ">= 2.9.0"

"moment@>= 2.9.0", moment@^2.18.0, moment@^2.22.2, moment@latest:
  version "2.29.1"
  resolved "https://registry.npmmirror.com/moment/download/moment-2.29.1.tgz"

morgan@^1.9.0:
  version "1.10.0"
  resolved "https://registry.npmmirror.com/morgan/download/morgan-1.10.0.tgz"
  dependencies:
    basic-auth "~2.0.1"
    debug "2.6.9"
    depd "~2.0.0"
    on-finished "~2.3.0"
    on-headers "~1.0.2"

ms@2.0.0:
  version "2.0.0"
  resolved "https://registry.npmmirror.com/ms/download/ms-2.0.0.tgz?cache=0&sync_timestamp=1632788836446&other_urls=https%3A%2F%2Fregistry.npmmirror.com%2Fms%2Fdownload%2Fms-2.0.0.tgz"

ms@2.1.3:
  version "2.1.3"
  resolved "https://registry.npmmirror.com/ms/download/ms-2.1.3.tgz?cache=0&sync_timestamp=1632788836446&other_urls=https%3A%2F%2Fregistry.npmmirror.com%2Fms%2Fdownload%2Fms-2.1.3.tgz"

nanocolors@^0.2.12:
  version "0.2.13"
  resolved "https://registry.yarnpkg.com/nanocolors/-/nanocolors-0.2.13.tgz#dfd1ed0bfab05e9fe540eb6874525f0a1684099b"

negotiator@0.6.2:
  version "0.6.2"
  resolved "https://registry.npmmirror.com/negotiator/download/negotiator-0.6.2.tgz"

nib@^1.1.2:
  version "1.1.2"
  resolved "https://registry.npmmirror.com/nib/download/nib-1.1.2.tgz"
  dependencies:
    stylus "0.54.5"

no-case@^2.2.0:
  version "2.3.2"
  resolved "https://registry.npmmirror.com/no-case/download/no-case-2.3.2.tgz"
  dependencies:
    lower-case "^1.1.1"

no-case@^3.0.4:
  version "3.0.4"
  resolved "https://registry.npmmirror.com/no-case/download/no-case-3.0.4.tgz"
  dependencies:
    lower-case "^2.0.2"
    tslib "^2.0.3"

normalize-path@^3.0.0, normalize-path@~3.0.0:
  version "3.0.0"
  resolved "https://registry.npmmirror.com/normalize-path/download/normalize-path-3.0.0.tgz"

nth-check@~1.0.0:
  version "1.0.2"
  resolved "https://registry.npmmirror.com/nth-check/download/nth-check-1.0.2.tgz"
  dependencies:
    boolbase "~1.0.0"

nunjucks@^3.2.1:
  version "3.2.3"
  resolved "https://registry.npmmirror.com/nunjucks/download/nunjucks-3.2.3.tgz"
  dependencies:
    a-sync-waterfall "^1.0.0"
    asap "^2.0.3"
    commander "^5.1.0"

object-assign@^2.0.0:
  version "2.1.1"
  resolved "https://registry.npmmirror.com/object-assign/download/object-assign-2.1.1.tgz"

object-assign@^4.0.1, object-assign@^4.1.1:
  version "4.1.1"
  resolved "https://registry.npmmirror.com/object-assign/download/object-assign-4.1.1.tgz"

on-finished@~2.3.0:
  version "2.3.0"
  resolved "https://registry.npmmirror.com/on-finished/download/on-finished-2.3.0.tgz"
  dependencies:
    ee-first "1.1.1"

on-headers@~1.0.2:
  version "1.0.2"
  resolved "https://registry.npmmirror.com/on-headers/download/on-headers-1.0.2.tgz"

once@^1.3.0:
  version "1.4.0"
  resolved "https://registry.npmmirror.com/once/download/once-1.4.0.tgz"
  dependencies:
    wrappy "1"

opn@^5.3.0:
  version "5.5.0"
  resolved "https://registry.npmmirror.com/opn/download/opn-5.5.0.tgz"
  dependencies:
    is-wsl "^1.1.0"

parseurl@~1.3.3:
  version "1.3.3"
  resolved "https://registry.npmmirror.com/parseurl/download/parseurl-1.3.3.tgz"

pascal-case@^3.1.2:
  version "3.1.2"
  resolved "https://registry.npmmirror.com/pascal-case/download/pascal-case-3.1.2.tgz"
  dependencies:
    no-case "^3.0.4"
    tslib "^2.0.3"

path-is-absolute@^1.0.0:
  version "1.0.1"
  resolved "https://registry.npmmirror.com/path-is-absolute/download/path-is-absolute-1.0.1.tgz"

path-key@^3.1.0:
  version "3.1.1"
  resolved "https://registry.npmmirror.com/path-key/download/path-key-3.1.1.tgz"

path-parse@^1.0.7:
  version "1.0.7"
  resolved "https://registry.npmmirror.com/path-parse/download/path-parse-1.0.7.tgz"

picocolors@^1.0.0:
  version "1.0.0"
  resolved "https://registry.yarnpkg.com/picocolors/-/picocolors-1.0.0.tgz#cb5bdc74ff3f51892236eaf79d68bc44564ab81c"

picomatch@^2.0.4, picomatch@^2.2.1, picomatch@^2.2.3:
  version "2.3.1"
  resolved "https://registry.npmmirror.com/picomatch/download/picomatch-2.3.1.tgz"

pretty-hrtime@^1.0.3:
  version "1.0.3"
  resolved "https://registry.npmmirror.com/pretty-hrtime/download/pretty-hrtime-1.0.3.tgz"

prismjs@^1.17.1:
  version "1.26.0"
  resolved "https://registry.npmmirror.com/prismjs/download/prismjs-1.26.0.tgz"

pseudomap@^1.0.2:
  version "1.0.2"
  resolved "https://registry.npmmirror.com/pseudomap/download/pseudomap-1.0.2.tgz"

range-parser@~1.2.1:
  version "1.2.1"
  resolved "https://registry.npmmirror.com/range-parser/download/range-parser-1.2.1.tgz"

readable-stream@1.1:
  version "1.1.14"
  resolved "https://registry.npmmirror.com/readable-stream/download/readable-stream-1.1.14.tgz"
  dependencies:
    core-util-is "~1.0.0"
    inherits "~2.0.1"
    isarray "0.0.1"
    string_decoder "~0.10.x"

readdirp@~3.6.0:
  version "3.6.0"
  resolved "https://registry.npmmirror.com/readdirp/download/readdirp-3.6.0.tgz"
  dependencies:
    picomatch "^2.2.1"

resolve-url@^0.2.1:
  version "0.2.1"
  resolved "https://registry.npmmirror.com/resolve-url/download/resolve-url-0.2.1.tgz"

resolve@^1.11.0, resolve@^1.8.1:
  version "1.21.0"
  resolved "https://registry.npmmirror.com/resolve/download/resolve-1.21.0.tgz"
  dependencies:
    is-core-module "^2.8.0"
    path-parse "^1.0.7"
    supports-preserve-symlinks-flag "^1.0.0"

rfdc@^1.1.4:
  version "1.3.0"
  resolved "https://registry.yarnpkg.com/rfdc/-/rfdc-1.3.0.tgz#d0b7c441ab2720d05dc4cf26e01c89631d9da08b"

safe-buffer@5.1.2:
  version "5.1.2"
  resolved "https://registry.npmmirror.com/safe-buffer/download/safe-buffer-5.1.2.tgz"

safer-buffer@^2.1.2:
  version "2.1.2"
  resolved "https://registry.npmmirror.com/safer-buffer/download/safer-buffer-2.1.2.tgz"

sax@0.5.x:
  version "0.5.8"
  resolved "https://registry.npmmirror.com/sax/download/sax-0.5.8.tgz"

sax@~1.2.4:
  version "1.2.4"
  resolved "https://registry.npmmirror.com/sax/download/sax-1.2.4.tgz"

semver@^6.3.0:
  version "6.3.0"
  resolved "https://registry.npmmirror.com/semver/download/semver-6.3.0.tgz?cache=0&sync_timestamp=1632728822118&other_urls=https%3A%2F%2Fregistry.npmmirror.com%2Fsemver%2Fdownload%2Fsemver-6.3.0.tgz"

send@0.17.2:
  version "0.17.2"
  resolved "https://registry.npmmirror.com/send/download/send-0.17.2.tgz"
  dependencies:
    debug "2.6.9"
    depd "~1.1.2"
    destroy "~1.0.4"
    encodeurl "~1.0.2"
    escape-html "~1.0.3"
    etag "~1.8.1"
    fresh "0.5.2"
    http-errors "1.8.1"
    mime "1.6.0"
    ms "2.1.3"
    on-finished "~2.3.0"
    range-parser "~1.2.1"
    statuses "~1.5.0"

serve-static@^1.13.2:
  version "1.14.2"
  resolved "https://registry.npmmirror.com/serve-static/download/serve-static-1.14.2.tgz"
  dependencies:
    encodeurl "~1.0.2"
    escape-html "~1.0.3"
    parseurl "~1.3.3"
    send "0.17.2"

setprototypeof@1.2.0:
  version "1.2.0"
  resolved "https://registry.npmmirror.com/setprototypeof/download/setprototypeof-1.2.0.tgz"

shebang-command@^2.0.0:
  version "2.0.0"
  resolved "https://registry.npmmirror.com/shebang-command/download/shebang-command-2.0.0.tgz"
  dependencies:
    shebang-regex "^3.0.0"

shebang-regex@^3.0.0:
  version "3.0.0"
  resolved "https://registry.npmmirror.com/shebang-regex/download/shebang-regex-3.0.0.tgz"

source-map-resolve@^0.5.2:
  version "0.5.3"
  resolved "https://registry.npmmirror.com/source-map-resolve/download/source-map-resolve-0.5.3.tgz"
  dependencies:
    atob "^2.1.2"
    decode-uri-component "^0.2.0"
    resolve-url "^0.2.1"
    source-map-url "^0.4.0"
    urix "^0.1.0"

source-map-url@^0.4.0:
  version "0.4.1"
  resolved "https://registry.npmmirror.com/source-map-url/download/source-map-url-0.4.1.tgz"

source-map@0.1.x:
  version "0.1.43"
  resolved "https://registry.npmmirror.com/source-map/download/source-map-0.1.43.tgz?cache=0&sync_timestamp=1632388784710&other_urls=https%3A%2F%2Fregistry.npmmirror.com%2Fsource-map%2Fdownload%2Fsource-map-0.1.43.tgz"
  dependencies:
    amdefine ">=0.0.4"

source-map@^0.6.1:
  version "0.6.1"
  resolved "https://registry.npmmirror.com/source-map/download/source-map-0.6.1.tgz?cache=0&sync_timestamp=1632388784710&other_urls=https%3A%2F%2Fregistry.npmmirror.com%2Fsource-map%2Fdownload%2Fsource-map-0.6.1.tgz"

source-map@^0.7.3:
  version "0.7.3"
  resolved "https://registry.npmmirror.com/source-map/download/source-map-0.7.3.tgz?cache=0&sync_timestamp=1632388784710&other_urls=https%3A%2F%2Fregistry.npmmirror.com%2Fsource-map%2Fdownload%2Fsource-map-0.7.3.tgz"

sprintf-js@^1.0.3:
  version "1.1.2"
  resolved "https://registry.yarnpkg.com/sprintf-js/-/sprintf-js-1.1.2.tgz#da1765262bf8c0f571749f2ad6c26300207ae673"

sprintf-js@~1.0.2:
  version "1.0.3"
  resolved "https://registry.npmmirror.com/sprintf-js/download/sprintf-js-1.0.3.tgz"

"statuses@>= 1.5.0 < 2", statuses@~1.5.0:
  version "1.5.0"
  resolved "https://registry.npmmirror.com/statuses/download/statuses-1.5.0.tgz"

string_decoder@~0.10.x:
  version "0.10.31"
  resolved "https://registry.npmmirror.com/string_decoder/download/string_decoder-0.10.31.tgz"

strip-ansi@^3.0.0:
  version "3.0.1"
  resolved "https://registry.npmmirror.com/strip-ansi/download/strip-ansi-3.0.1.tgz"
  dependencies:
    ansi-regex "^2.0.0"

strip-ansi@^6.0.0:
  version "6.0.1"
  resolved "https://registry.yarnpkg.com/strip-ansi/-/strip-ansi-6.0.1.tgz#9e26c63d30f53443e9489495b2105d37b67a85d9"
  dependencies:
    ansi-regex "^5.0.1"

strip-indent@^2.0.0:
  version "2.0.0"
  resolved "https://registry.npmmirror.com/strip-indent/download/strip-indent-2.0.0.tgz?cache=0&sync_timestamp=1632753971551&other_urls=https%3A%2F%2Fregistry.npmmirror.com%2Fstrip-indent%2Fdownload%2Fstrip-indent-2.0.0.tgz"

strip-indent@^3.0.0:
  version "3.0.0"
  resolved "https://registry.npmmirror.com/strip-indent/download/strip-indent-3.0.0.tgz?cache=0&sync_timestamp=1632753971551&other_urls=https%3A%2F%2Fregistry.npmmirror.com%2Fstrip-indent%2Fdownload%2Fstrip-indent-3.0.0.tgz"
  dependencies:
    min-indent "^1.0.0"

striptags@^2.1.1:
  version "2.2.1"
  resolved "https://registry.npmmirror.com/striptags/download/striptags-2.2.1.tgz"

stylus@0.54.5:
  version "0.54.5"
  resolved "https://registry.npmmirror.com/stylus/download/stylus-0.54.5.tgz"
  dependencies:
    css-parse "1.7.x"
    debug "*"
    glob "7.0.x"
    mkdirp "0.5.x"
    sax "0.5.x"
    source-map "0.1.x"

stylus@^0.54.5:
  version "0.54.8"
  resolved "https://registry.npmmirror.com/stylus/download/stylus-0.54.8.tgz"
  dependencies:
    css-parse "~2.0.0"
    debug "~3.1.0"
    glob "^7.1.6"
    mkdirp "~1.0.4"
    safer-buffer "^2.1.2"
    sax "~1.2.4"
    semver "^6.3.0"
    source-map "^0.7.3"

supports-color@^2.0.0:
  version "2.0.0"
  resolved "https://registry.npmmirror.com/supports-color/download/supports-color-2.0.0.tgz"

supports-color@^7.1.0:
  version "7.2.0"
  resolved "https://registry.npmmirror.com/supports-color/download/supports-color-7.2.0.tgz"
  dependencies:
    has-flag "^4.0.0"

supports-preserve-symlinks-flag@^1.0.0:
  version "1.0.0"
  resolved "https://registry.npmmirror.com/supports-preserve-symlinks-flag/download/supports-preserve-symlinks-flag-1.0.0.tgz"

text-table@^0.2.0:
  version "0.2.0"
  resolved "https://registry.npmmirror.com/text-table/download/text-table-0.2.0.tgz"

"through@>=2.2.7 <3":
  version "2.3.8"
  resolved "https://registry.npmmirror.com/through/download/through-2.3.8.tgz"

tildify@^2.0.0:
  version "2.0.0"
  resolved "https://registry.yarnpkg.com/tildify/-/tildify-2.0.0.tgz#f205f3674d677ce698b7067a99e949ce03b4754a"

titlecase@^1.1.2:
  version "1.1.3"
  resolved "https://registry.npmmirror.com/titlecase/download/titlecase-1.1.3.tgz"

to-regex-range@^5.0.1:
  version "5.0.1"
  resolved "https://registry.npmmirror.com/to-regex-range/download/to-regex-range-5.0.1.tgz"
  dependencies:
    is-number "^7.0.0"

toidentifier@1.0.1:
  version "1.0.1"
  resolved "https://registry.npmmirror.com/toidentifier/download/toidentifier-1.0.1.tgz?cache=0&sync_timestamp=1636938441011&other_urls=https%3A%2F%2Fregistry.npmmirror.com%2Ftoidentifier%2Fdownload%2Ftoidentifier-1.0.1.tgz"

tslib@^2.0.3:
  version "2.3.1"
  resolved "https://registry.npmmirror.com/tslib/download/tslib-2.3.1.tgz"

unpipe@~1.0.0:
  version "1.0.0"
  resolved "https://registry.npmmirror.com/unpipe/download/unpipe-1.0.0.tgz"

upper-case@^1.1.1:
  version "1.1.3"
  resolved "https://registry.npmmirror.com/upper-case/download/upper-case-1.1.3.tgz"

urix@^0.1.0:
  version "0.1.0"
  resolved "https://registry.npmmirror.com/urix/download/urix-0.1.0.tgz"

utils-merge@1.0.1, utils-merge@^1.0.0:
  version "1.0.1"
  resolved "https://registry.npmmirror.com/utils-merge/download/utils-merge-1.0.1.tgz"

vary@~1.1.2:
  version "1.1.2"
  resolved "https://registry.npmmirror.com/vary/download/vary-1.1.2.tgz"

warehouse@^4.0.0:
  version "4.0.0"
  resolved "https://registry.yarnpkg.com/warehouse/-/warehouse-4.0.0.tgz#45832bc43e1fd323bd9d3c86b2761430ba0d1e7b"
  dependencies:
    JSONStream "^1.0.7"
    bluebird "^3.2.2"
    cuid "^2.1.4"
    graceful-fs "^4.1.3"
    is-plain-object "^3.0.0"
    rfdc "^1.1.4"

which@^1.2.9:
  version "1.3.1"
  resolved "https://registry.npmmirror.com/which/download/which-1.3.1.tgz"
  dependencies:
    isexe "^2.0.0"

which@^2.0.1:
  version "2.0.2"
  resolved "https://registry.npmmirror.com/which/download/which-2.0.2.tgz"
  dependencies:
    isexe "^2.0.0"

wrappy@1:
  version "1.0.2"
  resolved "https://registry.npmmirror.com/wrappy/download/wrappy-1.0.2.tgz"

yallist@^2.1.2:
  version "2.1.2"
  resolved "https://registry.npmmirror.com/yallist/download/yallist-2.1.2.tgz"
